# Generated by tools/update_refs.py
# Format: <repo> <head_sha>
abcdef-sim e9ae0d34d17e8482b921a57696a776b834eb3132
abcdef-testbench 85bc4f1274687ca9e09c4c9ccffabb291dd171a0
cpa-sim c394a3554e187b0515f31c431d8198625e434553
cpa-testbench 2581e93167a663148811ec49136f20d1f8197b6f
gnlse-sim 726e2aa57046b036cac0346a3ec976b578bae29b
phys-pipeline 93e55890c899192c91a1516f1d92dabca69403c2
phys-sims-utils dddeea9c0a988acf37eb1e22eae6d587dd7e6871
